PODS:
  - Alamofire (4.5.0)
  - ReachabilitySwift (3)
  - SwiftyJSON (3.1.4)

DEPENDENCIES:
  - Alamofire
  - ReachabilitySwift
  - SwiftyJSON

SPEC CHECKSUMS:
  Alamofire: f28cdffd29de33a7bfa022cbd63ae95a27fae140
  ReachabilitySwift: f5b9bb30a0777fac8f09ce8b067e32faeb29bb64
  SwiftyJSON: c2842d878f95482ffceec5709abc3d05680c0220

PODFILE CHECKSUM: acfa7f3c9606ccb145cba79539a5e1dcba818290

COCOAPODS: 1.4.0
